// !$*UTF8*$!
{
	archiveVersion = 1;
	classes = {
	};
	objectVersion = 55;
	objects = {

/* Begin PBXBuildFile section */
		1B5FFE3D2820968000EC5AD7 /* BoxOfficeTableViewCell.swift in Sources */ = {isa = PBXBuildFile; fileRef = 1B5FFE3C2820968000EC5AD7 /* BoxOfficeTableViewCell.swift */; };
		1B5FFE3F2820969400EC5AD7 /* BoxOfficeTableViewController.swift in Sources */ = {isa = PBXBuildFile; fileRef = 1B5FFE3E2820969400EC5AD7 /* BoxOfficeTableViewController.swift */; };
		1B5FFE432820B87900EC5AD7 /* ShoppingTableViewController.swift in Sources */ = {isa = PBXBuildFile; fileRef = 1B5FFE422820B87900EC5AD7 /* ShoppingTableViewController.swift */; };
		1B5FFE452820B8B400EC5AD7 /* ShoppingTableViewCell.swift in Sources */ = {isa = PBXBuildFile; fileRef = 1B5FFE442820B8B400EC5AD7 /* ShoppingTableViewCell.swift */; };
		1B5FFE472820C02200EC5AD7 /* PurchaseTableViewCell.swift in Sources */ = {isa = PBXBuildFile; fileRef = 1B5FFE462820C02200EC5AD7 /* PurchaseTableViewCell.swift */; };
		1B5FFE4928213ECE00EC5AD7 /* Movie.swift in Sources */ = {isa = PBXBuildFile; fileRef = 1B5FFE4828213ECE00EC5AD7 /* Movie.swift */; };
		1B5FFE4B28213F7F00EC5AD7 /* MovieInformation.swift in Sources */ = {isa = PBXBuildFile; fileRef = 1B5FFE4A28213F7F00EC5AD7 /* MovieInformation.swift */; };
		1B5FFE4D2821438500EC5AD7 /* Memo.swift in Sources */ = {isa = PBXBuildFile; fileRef = 1B5FFE4C2821438500EC5AD7 /* Memo.swift */; };
		1B5FFE4F2821ECAC00EC5AD7 /* UIViewController+Extension.swift in Sources */ = {isa = PBXBuildFile; fileRef = 1B5FFE4E2821ECAC00EC5AD7 /* UIViewController+Extension.swift */; };
		1B5FFE512821EFA800EC5AD7 /* ShoppingMemo.swift in Sources */ = {isa = PBXBuildFile; fileRef = 1B5FFE502821EFA800EC5AD7 /* ShoppingMemo.swift */; };
		1B5FFE5528220ADB00EC5AD7 /* TestViewController.swift in Sources */ = {isa = PBXBuildFile; fileRef = 1B5FFE5428220ADB00EC5AD7 /* TestViewController.swift */; };
		1B5FFE5728220B0500EC5AD7 /* ViewController.swift in Sources */ = {isa = PBXBuildFile; fileRef = 1B5FFE5628220B0500EC5AD7 /* ViewController.swift */; };
		1B5FFE59282211A900EC5AD7 /* Movie.storyboard in Resources */ = {isa = PBXBuildFile; fileRef = 1B5FFE58282211A900EC5AD7 /* Movie.storyboard */; };
		1B5FFE5B2822128000EC5AD7 /* BoxOfficeDetailViewController.swift in Sources */ = {isa = PBXBuildFile; fileRef = 1B5FFE5A2822128000EC5AD7 /* BoxOfficeDetailViewController.swift */; };
		1B5FFE5D282216BA00EC5AD7 /* BoxOfficeCastViewController.swift in Sources */ = {isa = PBXBuildFile; fileRef = 1B5FFE5C282216BA00EC5AD7 /* BoxOfficeCastViewController.swift */; };
		1B9BB4D82832131700CA4E44 /* Realm in Frameworks */ = {isa = PBXBuildFile; productRef = 1B9BB4D72832131700CA4E44 /* Realm */; };
		1B9BB4DA2832131700CA4E44 /* RealmSwift in Frameworks */ = {isa = PBXBuildFile; productRef = 1B9BB4D92832131700CA4E44 /* RealmSwift */; };
		1B9BB4DC2832137C00CA4E44 /* ShoppingRealmTableViewController.swift in Sources */ = {isa = PBXBuildFile; fileRef = 1B9BB4DB2832137C00CA4E44 /* ShoppingRealmTableViewController.swift */; };
		1B9BB4DE2832142B00CA4E44 /* RealmModel.swift in Sources */ = {isa = PBXBuildFile; fileRef = 1B9BB4DD2832142B00CA4E44 /* RealmModel.swift */; };
		1BD1587A281FB97900DD05CB /* AppDelegate.swift in Sources */ = {isa = PBXBuildFile; fileRef = 1BD15879281FB97900DD05CB /* AppDelegate.swift */; };
		1BD1587C281FB97900DD05CB /* SceneDelegate.swift in Sources */ = {isa = PBXBuildFile; fileRef = 1BD1587B281FB97900DD05CB /* SceneDelegate.swift */; };
		1BD15881281FB97900DD05CB /* Main.storyboard in Resources */ = {isa = PBXBuildFile; fileRef = 1BD1587F281FB97900DD05CB /* Main.storyboard */; };
		1BD15883281FB97A00DD05CB /* Assets.xcassets in Resources */ = {isa = PBXBuildFile; fileRef = 1BD15882281FB97A00DD05CB /* Assets.xcassets */; };
		1BD15886281FB97A00DD05CB /* LaunchScreen.storyboard in Resources */ = {isa = PBXBuildFile; fileRef = 1BD15884281FB97A00DD05CB /* LaunchScreen.storyboard */; };
		1BD15890281FC02400DD05CB /* MemoTableViewController.swift in Sources */ = {isa = PBXBuildFile; fileRef = 1BD1588F281FC02400DD05CB /* MemoTableViewController.swift */; };
		1BD15892281FEB3400DD05CB /* Example2TableViewController.swift in Sources */ = {isa = PBXBuildFile; fileRef = 1BD15891281FEB3400DD05CB /* Example2TableViewController.swift */; };
/* End PBXBuildFile section */

/* Begin PBXFileReference section */
		1B5FFE3C2820968000EC5AD7 /* BoxOfficeTableViewCell.swift */ = {isa = PBXFileReference; lastKnownFileType = sourcecode.swift; path = BoxOfficeTableViewCell.swift; sourceTree = "<group>"; };
		1B5FFE3E2820969400EC5AD7 /* BoxOfficeTableViewController.swift */ = {isa = PBXFileReference; lastKnownFileType = sourcecode.swift; path = BoxOfficeTableViewController.swift; sourceTree = "<group>"; };
		1B5FFE422820B87900EC5AD7 /* ShoppingTableViewController.swift */ = {isa = PBXFileReference; lastKnownFileType = sourcecode.swift; path = ShoppingTableViewController.swift; sourceTree = "<group>"; };
		1B5FFE442820B8B400EC5AD7 /* ShoppingTableViewCell.swift */ = {isa = PBXFileReference; lastKnownFileType = sourcecode.swift; path = ShoppingTableViewCell.swift; sourceTree = "<group>"; };
		1B5FFE462820C02200EC5AD7 /* PurchaseTableViewCell.swift */ = {isa = PBXFileReference; lastKnownFileType = sourcecode.swift; path = PurchaseTableViewCell.swift; sourceTree = "<group>"; };
		1B5FFE4828213ECE00EC5AD7 /* Movie.swift */ = {isa = PBXFileReference; lastKnownFileType = sourcecode.swift; path = Movie.swift; sourceTree = "<group>"; };
		1B5FFE4A28213F7F00EC5AD7 /* MovieInformation.swift */ = {isa = PBXFileReference; lastKnownFileType = sourcecode.swift; path = MovieInformation.swift; sourceTree = "<group>"; };
		1B5FFE4C2821438500EC5AD7 /* Memo.swift */ = {isa = PBXFileReference; lastKnownFileType = sourcecode.swift; path = Memo.swift; sourceTree = "<group>"; };
		1B5FFE4E2821ECAC00EC5AD7 /* UIViewController+Extension.swift */ = {isa = PBXFileReference; lastKnownFileType = sourcecode.swift; path = "UIViewController+Extension.swift"; sourceTree = "<group>"; };
		1B5FFE502821EFA800EC5AD7 /* ShoppingMemo.swift */ = {isa = PBXFileReference; lastKnownFileType = sourcecode.swift; path = ShoppingMemo.swift; sourceTree = "<group>"; };
		1B5FFE5428220ADB00EC5AD7 /* TestViewController.swift */ = {isa = PBXFileReference; lastKnownFileType = sourcecode.swift; path = TestViewController.swift; sourceTree = "<group>"; };
		1B5FFE5628220B0500EC5AD7 /* ViewController.swift */ = {isa = PBXFileReference; lastKnownFileType = sourcecode.swift; path = ViewController.swift; sourceTree = "<group>"; };
		1B5FFE58282211A900EC5AD7 /* Movie.storyboard */ = {isa = PBXFileReference; lastKnownFileType = file.storyboard; path = Movie.storyboard; sourceTree = "<group>"; };
		1B5FFE5A2822128000EC5AD7 /* BoxOfficeDetailViewController.swift */ = {isa = PBXFileReference; lastKnownFileType = sourcecode.swift; path = BoxOfficeDetailViewController.swift; sourceTree = "<group>"; };
		1B5FFE5C282216BA00EC5AD7 /* BoxOfficeCastViewController.swift */ = {isa = PBXFileReference; lastKnownFileType = sourcecode.swift; path = BoxOfficeCastViewController.swift; sourceTree = "<group>"; };
		1B9BB4DB2832137C00CA4E44 /* ShoppingRealmTableViewController.swift */ = {isa = PBXFileReference; lastKnownFileType = sourcecode.swift; path = ShoppingRealmTableViewController.swift; sourceTree = "<group>"; };
		1B9BB4DD2832142B00CA4E44 /* RealmModel.swift */ = {isa = PBXFileReference; lastKnownFileType = sourcecode.swift; path = RealmModel.swift; sourceTree = "<group>"; };
		1BD15876281FB97900DD05CB /* MyTable3Weeks.app */ = {isa = PBXFileReference; explicitFileType = wrapper.application; includeInIndex = 0; path = MyTable3Weeks.app; sourceTree = BUILT_PRODUCTS_DIR; };
		1BD15879281FB97900DD05CB /* AppDelegate.swift */ = {isa = PBXFileReference; lastKnownFileType = sourcecode.swift; path = AppDelegate.swift; sourceTree = "<group>"; };
		1BD1587B281FB97900DD05CB /* SceneDelegate.swift */ = {isa = PBXFileReference; lastKnownFileType = sourcecode.swift; path = SceneDelegate.swift; sourceTree = "<group>"; };
		1BD15880281FB97900DD05CB /* Base */ = {isa = PBXFileReference; lastKnownFileType = file.storyboard; name = Base; path = Base.lproj/Main.storyboard; sourceTree = "<group>"; };
		1BD15882281FB97A00DD05CB /* Assets.xcassets */ = {isa = PBXFileReference; lastKnownFileType = folder.assetcatalog; path = Assets.xcassets; sourceTree = "<group>"; };
		1BD15885281FB97A00DD05CB /* Base */ = {isa = PBXFileReference; lastKnownFileType = file.storyboard; name = Base; path = Base.lproj/LaunchScreen.storyboard; sourceTree = "<group>"; };
		1BD15887281FB97A00DD05CB /* Info.plist */ = {isa = PBXFileReference; lastKnownFileType = text.plist.xml; path = Info.plist; sourceTree = "<group>"; };
		1BD1588F281FC02400DD05CB /* MemoTableViewController.swift */ = {isa = PBXFileReference; lastKnownFileType = sourcecode.swift; path = MemoTableViewController.swift; sourceTree = "<group>"; };
		1BD15891281FEB3400DD05CB /* Example2TableViewController.swift */ = {isa = PBXFileReference; lastKnownFileType = sourcecode.swift; path = Example2TableViewController.swift; sourceTree = "<group>"; };
/* End PBXFileReference section */

/* Begin PBXFrameworksBuildPhase section */
		1BD15873281FB97900DD05CB /* Frameworks */ = {
			isa = PBXFrameworksBuildPhase;
			buildActionMask = 2147483647;
			files = (
				1B9BB4DA2832131700CA4E44 /* RealmSwift in Frameworks */,
				1B9BB4D82832131700CA4E44 /* Realm in Frameworks */,
			);
			runOnlyForDeploymentPostprocessing = 0;
		};
/* End PBXFrameworksBuildPhase section */

/* Begin PBXGroup section */
		1BD1586D281FB97900DD05CB = {
			isa = PBXGroup;
			children = (
				1BD15878281FB97900DD05CB /* MyTable3Weeks */,
				1BD15877281FB97900DD05CB /* Products */,
			);
			sourceTree = "<group>";
		};
		1BD15877281FB97900DD05CB /* Products */ = {
			isa = PBXGroup;
			children = (
				1BD15876281FB97900DD05CB /* MyTable3Weeks.app */,
			);
			name = Products;
			sourceTree = "<group>";
		};
		1BD15878281FB97900DD05CB /* MyTable3Weeks */ = {
			isa = PBXGroup;
			children = (
				1BD15879281FB97900DD05CB /* AppDelegate.swift */,
				1BD1587B281FB97900DD05CB /* SceneDelegate.swift */,
				1BD1587F281FB97900DD05CB /* Main.storyboard */,
				1B5FFE4E2821ECAC00EC5AD7 /* UIViewController+Extension.swift */,
				1B5FFE462820C02200EC5AD7 /* PurchaseTableViewCell.swift */,
				1B5FFE442820B8B400EC5AD7 /* ShoppingTableViewCell.swift */,
				1B5FFE422820B87900EC5AD7 /* ShoppingTableViewController.swift */,
				1B9BB4DB2832137C00CA4E44 /* ShoppingRealmTableViewController.swift */,
				1B5FFE3E2820969400EC5AD7 /* BoxOfficeTableViewController.swift */,
				1B5FFE4A28213F7F00EC5AD7 /* MovieInformation.swift */,
				1B5FFE3C2820968000EC5AD7 /* BoxOfficeTableViewCell.swift */,
				1B5FFE502821EFA800EC5AD7 /* ShoppingMemo.swift */,
				1B5FFE5628220B0500EC5AD7 /* ViewController.swift */,
				1B5FFE58282211A900EC5AD7 /* Movie.storyboard */,
				1B5FFE5C282216BA00EC5AD7 /* BoxOfficeCastViewController.swift */,
				1B5FFE5A2822128000EC5AD7 /* BoxOfficeDetailViewController.swift */,
				1B5FFE5428220ADB00EC5AD7 /* TestViewController.swift */,
				1BD15891281FEB3400DD05CB /* Example2TableViewController.swift */,
				1BD1588F281FC02400DD05CB /* MemoTableViewController.swift */,
				1B5FFE4C2821438500EC5AD7 /* Memo.swift */,
				1BD15882281FB97A00DD05CB /* Assets.xcassets */,
				1BD15884281FB97A00DD05CB /* LaunchScreen.storyboard */,
				1BD15887281FB97A00DD05CB /* Info.plist */,
				1B5FFE4828213ECE00EC5AD7 /* Movie.swift */,
				1B9BB4DD2832142B00CA4E44 /* RealmModel.swift */,
			);
			path = MyTable3Weeks;
			sourceTree = "<group>";
		};
/* End PBXGroup section */

/* Begin PBXNativeTarget section */
		1BD15875281FB97900DD05CB /* MyTable3Weeks */ = {
			isa = PBXNativeTarget;
			buildConfigurationList = 1BD1588A281FB97A00DD05CB /* Build configuration list for PBXNativeTarget "MyTable3Weeks" */;
			buildPhases = (
				1BD15872281FB97900DD05CB /* Sources */,
				1BD15873281FB97900DD05CB /* Frameworks */,
				1BD15874281FB97900DD05CB /* Resources */,
			);
			buildRules = (
			);
			dependencies = (
			);
			name = MyTable3Weeks;
			packageProductDependencies = (
				1B9BB4D72832131700CA4E44 /* Realm */,
				1B9BB4D92832131700CA4E44 /* RealmSwift */,
			);
			productName = MyTable3Weeks;
			productReference = 1BD15876281FB97900DD05CB /* MyTable3Weeks.app */;
			productType = "com.apple.product-type.application";
		};
/* End PBXNativeTarget section */

/* Begin PBXProject section */
		1BD1586E281FB97900DD05CB /* Project object */ = {
			isa = PBXProject;
			attributes = {
				BuildIndependentTargetsInParallel = 1;
				LastSwiftUpdateCheck = 1330;
				LastUpgradeCheck = 1330;
				TargetAttributes = {
					1BD15875281FB97900DD05CB = {
						CreatedOnToolsVersion = 13.3.1;
					};
				};
			};
			buildConfigurationList = 1BD15871281FB97900DD05CB /* Build configuration list for PBXProject "MyTable3Weeks" */;
			compatibilityVersion = "Xcode 13.0";
			developmentRegion = en;
			hasScannedForEncodings = 0;
			knownRegions = (
				en,
				Base,
			);
			mainGroup = 1BD1586D281FB97900DD05CB;
			packageReferences = (
				1B9BB4D62832131700CA4E44 /* XCRemoteSwiftPackageReference "realm-swift" */,
			);
			productRefGroup = 1BD15877281FB97900DD05CB /* Products */;
			projectDirPath = "";
			projectRoot = "";
			targets = (
				1BD15875281FB97900DD05CB /* MyTable3Weeks */,
			);
		};
/* End PBXProject section */

/* Begin PBXResourcesBuildPhase section */
		1BD15874281FB97900DD05CB /* Resources */ = {
			isa = PBXResourcesBuildPhase;
			buildActionMask = 2147483647;
			files = (
				1BD15886281FB97A00DD05CB /* LaunchScreen.storyboard in Resources */,
				1BD15883281FB97A00DD05CB /* Assets.xcassets in Resources */,
				1BD15881281FB97900DD05CB /* Main.storyboard in Resources */,
				1B5FFE59282211A900EC5AD7 /* Movie.storyboard in Resources */,
			);
			runOnlyForDeploymentPostprocessing = 0;
		};
/* End PBXResourcesBuildPhase section */

/* Begin PBXSourcesBuildPhase section */
		1BD15872281FB97900DD05CB /* Sources */ = {
			isa = PBXSourcesBuildPhase;
			buildActionMask = 2147483647;
			files = (
				1B5FFE4B28213F7F00EC5AD7 /* MovieInformation.swift in Sources */,
				1B5FFE4F2821ECAC00EC5AD7 /* UIViewController+Extension.swift in Sources */,
				1BD1587A281FB97900DD05CB /* AppDelegate.swift in Sources */,
				1B5FFE512821EFA800EC5AD7 /* ShoppingMemo.swift in Sources */,
				1B5FFE452820B8B400EC5AD7 /* ShoppingTableViewCell.swift in Sources */,
				1B5FFE4D2821438500EC5AD7 /* Memo.swift in Sources */,
				1B5FFE3D2820968000EC5AD7 /* BoxOfficeTableViewCell.swift in Sources */,
				1BD1587C281FB97900DD05CB /* SceneDelegate.swift in Sources */,
				1B5FFE4928213ECE00EC5AD7 /* Movie.swift in Sources */,
				1B9BB4DC2832137C00CA4E44 /* ShoppingRealmTableViewController.swift in Sources */,
				1BD15890281FC02400DD05CB /* MemoTableViewController.swift in Sources */,
				1B9BB4DE2832142B00CA4E44 /* RealmModel.swift in Sources */,
				1B5FFE5528220ADB00EC5AD7 /* TestViewController.swift in Sources */,
				1BD15892281FEB3400DD05CB /* Example2TableViewController.swift in Sources */,
				1B5FFE3F2820969400EC5AD7 /* BoxOfficeTableViewController.swift in Sources */,
				1B5FFE5D282216BA00EC5AD7 /* BoxOfficeCastViewController.swift in Sources */,
				1B5FFE472820C02200EC5AD7 /* PurchaseTableViewCell.swift in Sources */,
				1B5FFE5B2822128000EC5AD7 /* BoxOfficeDetailViewController.swift in Sources */,
				1B5FFE5728220B0500EC5AD7 /* ViewController.swift in Sources */,
				1B5FFE432820B87900EC5AD7 /* ShoppingTableViewController.swift in Sources */,
			);
			runOnlyForDeploymentPostprocessing = 0;
		};
/* End PBXSourcesBuildPhase section */

/* Begin PBXVariantGroup section */
		1BD1587F281FB97900DD05CB /* Main.storyboard */ = {
			isa = PBXVariantGroup;
			children = (
				1BD15880281FB97900DD05CB /* Base */,
			);
			name = Main.storyboard;
			sourceTree = "<group>";
		};
		1BD15884281FB97A00DD05CB /* LaunchScreen.storyboard */ = {
			isa = PBXVariantGroup;
			children = (
				1BD15885281FB97A00DD05CB /* Base */,
			);
			name = LaunchScreen.storyboard;
			sourceTree = "<group>";
		};
/* End PBXVariantGroup section */

/* Begin XCBuildConfiguration section */
		1BD15888281FB97A00DD05CB /* Debug */ = {
			isa = XCBuildConfiguration;
			buildSettings = {
				ALWAYS_SEARCH_USER_PATHS = NO;
				CLANG_ANALYZER_NONNULL = YES;
				CLANG_ANALYZER_NUMBER_OBJECT_CONVERSION = YES_AGGRESSIVE;
				CLANG_CXX_LANGUAGE_STANDARD = "gnu++17";
				CLANG_ENABLE_MODULES = YES;
				CLANG_ENABLE_OBJC_ARC = YES;
				CLANG_ENABLE_OBJC_WEAK = YES;
				CLANG_WARN_BLOCK_CAPTURE_AUTORELEASING = YES;
				CLANG_WARN_BOOL_CONVERSION = YES;
				CLANG_WARN_COMMA = YES;
				CLANG_WARN_CONSTANT_CONVERSION = YES;
				CLANG_WARN_DEPRECATED_OBJC_IMPLEMENTATIONS = YES;
				CLANG_WARN_DIRECT_OBJC_ISA_USAGE = YES_ERROR;
				CLANG_WARN_DOCUMENTATION_COMMENTS = YES;
				CLANG_WARN_EMPTY_BODY = YES;
				CLANG_WARN_ENUM_CONVERSION = YES;
				CLANG_WARN_INFINITE_RECURSION = YES;
				CLANG_WARN_INT_CONVERSION = YES;
				CLANG_WARN_NON_LITERAL_NULL_CONVERSION = YES;
				CLANG_WARN_OBJC_IMPLICIT_RETAIN_SELF = YES;
				CLANG_WARN_OBJC_LITERAL_CONVERSION = YES;
				CLANG_WARN_OBJC_ROOT_CLASS = YES_ERROR;
				CLANG_WARN_QUOTED_INCLUDE_IN_FRAMEWORK_HEADER = YES;
				CLANG_WARN_RANGE_LOOP_ANALYSIS = YES;
				CLANG_WARN_STRICT_PROTOTYPES = YES;
				CLANG_WARN_SUSPICIOUS_MOVE = YES;
				CLANG_WARN_UNGUARDED_AVAILABILITY = YES_AGGRESSIVE;
				CLANG_WARN_UNREACHABLE_CODE = YES;
				CLANG_WARN__DUPLICATE_METHOD_MATCH = YES;
				COPY_PHASE_STRIP = NO;
				DEBUG_INFORMATION_FORMAT = dwarf;
				ENABLE_STRICT_OBJC_MSGSEND = YES;
				ENABLE_TESTABILITY = YES;
				GCC_C_LANGUAGE_STANDARD = gnu11;
				GCC_DYNAMIC_NO_PIC = NO;
				GCC_NO_COMMON_BLOCKS = YES;
				GCC_OPTIMIZATION_LEVEL = 0;
				GCC_PREPROCESSOR_DEFINITIONS = (
					"DEBUG=1",
					"$(inherited)",
				);
				GCC_WARN_64_TO_32_BIT_CONVERSION = YES;
				GCC_WARN_ABOUT_RETURN_TYPE = YES_ERROR;
				GCC_WARN_UNDECLARED_SELECTOR = YES;
				GCC_WARN_UNINITIALIZED_AUTOS = YES_AGGRESSIVE;
				GCC_WARN_UNUSED_FUNCTION = YES;
				GCC_WARN_UNUSED_VARIABLE = YES;
				IPHONEOS_DEPLOYMENT_TARGET = 15.4;
				MTL_ENABLE_DEBUG_INFO = INCLUDE_SOURCE;
				MTL_FAST_MATH = YES;
				ONLY_ACTIVE_ARCH = YES;
				SDKROOT = iphoneos;
				SWIFT_ACTIVE_COMPILATION_CONDITIONS = DEBUG;
				SWIFT_OPTIMIZATION_LEVEL = "-Onone";
			};
			name = Debug;
		};
		1BD15889281FB97A00DD05CB /* Release */ = {
			isa = XCBuildConfiguration;
			buildSettings = {
				ALWAYS_SEARCH_USER_PATHS = NO;
				CLANG_ANALYZER_NONNULL = YES;
				CLANG_ANALYZER_NUMBER_OBJECT_CONVERSION = YES_AGGRESSIVE;
				CLANG_CXX_LANGUAGE_STANDARD = "gnu++17";
				CLANG_ENABLE_MODULES = YES;
				CLANG_ENABLE_OBJC_ARC = YES;
				CLANG_ENABLE_OBJC_WEAK = YES;
				CLANG_WARN_BLOCK_CAPTURE_AUTORELEASING = YES;
				CLANG_WARN_BOOL_CONVERSION = YES;
				CLANG_WARN_COMMA = YES;
				CLANG_WARN_CONSTANT_CONVERSION = YES;
				CLANG_WARN_DEPRECATED_OBJC_IMPLEMENTATIONS = YES;
				CLANG_WARN_DIRECT_OBJC_ISA_USAGE = YES_ERROR;
				CLANG_WARN_DOCUMENTATION_COMMENTS = YES;
				CLANG_WARN_EMPTY_BODY = YES;
				CLANG_WARN_ENUM_CONVERSION = YES;
				CLANG_WARN_INFINITE_RECURSION = YES;
				CLANG_WARN_INT_CONVERSION = YES;
				CLANG_WARN_NON_LITERAL_NULL_CONVERSION = YES;
				CLANG_WARN_OBJC_IMPLICIT_RETAIN_SELF = YES;
				CLANG_WARN_OBJC_LITERAL_CONVERSION = YES;
				CLANG_WARN_OBJC_ROOT_CLASS = YES_ERROR;
				CLANG_WARN_QUOTED_INCLUDE_IN_FRAMEWORK_HEADER = YES;
				CLANG_WARN_RANGE_LOOP_ANALYSIS = YES;
				CLANG_WARN_STRICT_PROTOTYPES = YES;
				CLANG_WARN_SUSPICIOUS_MOVE = YES;
				CLANG_WARN_UNGUARDED_AVAILABILITY = YES_AGGRESSIVE;
				CLANG_WARN_UNREACHABLE_CODE = YES;
				CLANG_WARN__DUPLICATE_METHOD_MATCH = YES;
				COPY_PHASE_STRIP = NO;
				DEBUG_INFORMATION_FORMAT = "dwarf-with-dsym";
				ENABLE_NS_ASSERTIONS = NO;
				ENABLE_STRICT_OBJC_MSGSEND = YES;
				GCC_C_LANGUAGE_STANDARD = gnu11;
				GCC_NO_COMMON_BLOCKS = YES;
				GCC_WARN_64_TO_32_BIT_CONVERSION = YES;
				GCC_WARN_ABOUT_RETURN_TYPE = YES_ERROR;
				GCC_WARN_UNDECLARED_SELECTOR = YES;
				GCC_WARN_UNINITIALIZED_AUTOS = YES_AGGRESSIVE;
				GCC_WARN_UNUSED_FUNCTION = YES;
				GCC_WARN_UNUSED_VARIABLE = YES;
				IPHONEOS_DEPLOYMENT_TARGET = 15.4;
				MTL_ENABLE_DEBUG_INFO = NO;
				MTL_FAST_MATH = YES;
				SDKROOT = iphoneos;
				SWIFT_COMPILATION_MODE = wholemodule;
				SWIFT_OPTIMIZATION_LEVEL = "-O";
				VALIDATE_PRODUCT = YES;
			};
			name = Release;
		};
		1BD1588B281FB97A00DD05CB /* Debug */ = {
			isa = XCBuildConfiguration;
			buildSettings = {
				ASSETCATALOG_COMPILER_APPICON_NAME = AppIcon;
				ASSETCATALOG_COMPILER_GLOBAL_ACCENT_COLOR_NAME = AccentColor;
				CODE_SIGN_STYLE = Automatic;
				CURRENT_PROJECT_VERSION = 1;
				GENERATE_INFOPLIST_FILE = YES;
				INFOPLIST_FILE = MyTable3Weeks/Info.plist;
				INFOPLIST_KEY_UIApplicationSupportsIndirectInputEvents = YES;
				INFOPLIST_KEY_UILaunchStoryboardName = LaunchScreen;
				INFOPLIST_KEY_UIMainStoryboardFile = Main;
				INFOPLIST_KEY_UISupportedInterfaceOrientations_iPad = "UIInterfaceOrientationPortrait UIInterfaceOrientationPortraitUpsideDown UIInterfaceOrientationLandscapeLeft UIInterfaceOrientationLandscapeRight";
				INFOPLIST_KEY_UISupportedInterfaceOrientations_iPhone = "UIInterfaceOrientationPortrait UIInterfaceOrientationLandscapeLeft UIInterfaceOrientationLandscapeRight";
				LD_RUNPATH_SEARCH_PATHS = (
					"$(inherited)",
					"@executable_path/Frameworks",
				);
				MARKETING_VERSION = 1.0;
				PRODUCT_BUNDLE_IDENTIFIER = com.bro.MyTable3Weeks;
				PRODUCT_NAME = "$(TARGET_NAME)";
				SWIFT_EMIT_LOC_STRINGS = YES;
				SWIFT_VERSION = 5.0;
				TARGETED_DEVICE_FAMILY = "1,2";
			};
			name = Debug;
		};
		1BD1588C281FB97A00DD05CB /* Release */ = {
			isa = XCBuildConfiguration;
			buildSettings = {
				ASSETCATALOG_COMPILER_APPICON_NAME = AppIcon;
				ASSETCATALOG_COMPILER_GLOBAL_ACCENT_COLOR_NAME = AccentColor;
				CODE_SIGN_STYLE = Automatic;
				CURRENT_PROJECT_VERSION = 1;
				GENERATE_INFOPLIST_FILE = YES;
				INFOPLIST_FILE = MyTable3Weeks/Info.plist;
				INFOPLIST_KEY_UIApplicationSupportsIndirectInputEvents = YES;
				INFOPLIST_KEY_UILaunchStoryboardName = LaunchScreen;
				INFOPLIST_KEY_UIMainStoryboardFile = Main;
				INFOPLIST_KEY_UISupportedInterfaceOrientations_iPad = "UIInterfaceOrientationPortrait UIInterfaceOrientationPortraitUpsideDown UIInterfaceOrientationLandscapeLeft UIInterfaceOrientationLandscapeRight";
				INFOPLIST_KEY_UISupportedInterfaceOrientations_iPhone = "UIInterfaceOrientationPortrait UIInterfaceOrientationLandscapeLeft UIInterfaceOrientationLandscapeRight";
				LD_RUNPATH_SEARCH_PATHS = (
					"$(inherited)",
					"@executable_path/Frameworks",
				);
				MARKETING_VERSION = 1.0;
				PRODUCT_BUNDLE_IDENTIFIER = com.bro.MyTable3Weeks;
				PRODUCT_NAME = "$(TARGET_NAME)";
				SWIFT_EMIT_LOC_STRINGS = YES;
				SWIFT_VERSION = 5.0;
				TARGETED_DEVICE_FAMILY = "1,2";
			};
			name = Release;
		};
/* End XCBuildConfiguration section */

/* Begin XCConfigurationList section */
		1BD15871281FB97900DD05CB /* Build configuration list for PBXProject "MyTable3Weeks" */ = {
			isa = XCConfigurationList;
			buildConfigurations = (
				1BD15888281FB97A00DD05CB /* Debug */,
				1BD15889281FB97A00DD05CB /* Release */,
			);
			defaultConfigurationIsVisible = 0;
			defaultConfigurationName = Release;
		};
		1BD1588A281FB97A00DD05CB /* Build configuration list for PBXNativeTarget "MyTable3Weeks" */ = {
			isa = XCConfigurationList;
			buildConfigurations = (
				1BD1588B281FB97A00DD05CB /* Debug */,
				1BD1588C281FB97A00DD05CB /* Release */,
			);
			defaultConfigurationIsVisible = 0;
			defaultConfigurationName = Release;
		};
/* End XCConfigurationList section */

/* Begin XCRemoteSwiftPackageReference section */
		1B9BB4D62832131700CA4E44 /* XCRemoteSwiftPackageReference "realm-swift" */ = {
			isa = XCRemoteSwiftPackageReference;
			repositoryURL = "https://github.com/realm/realm-swift.git";
			requirement = {
				kind = upToNextMajorVersion;
				minimumVersion = 10.18.0;
			};
		};
/* End XCRemoteSwiftPackageReference section */

/* Begin XCSwiftPackageProductDependency section */
		1B9BB4D72832131700CA4E44 /* Realm */ = {
			isa = XCSwiftPackageProductDependency;
			package = 1B9BB4D62832131700CA4E44 /* XCRemoteSwiftPackageReference "realm-swift" */;
			productName = Realm;
		};
		1B9BB4D92832131700CA4E44 /* RealmSwift */ = {
			isa = XCSwiftPackageProductDependency;
			package = 1B9BB4D62832131700CA4E44 /* XCRemoteSwiftPackageReference "realm-swift" */;
			productName = RealmSwift;
		};
/* End XCSwiftPackageProductDependency section */
	};
	rootObject = 1BD1586E281FB97900DD05CB /* Project object */;
}
